
Microsoft Visual Studio Solution File, Format Version 12.00
# Visual Studio Version 17
VisualStudioVersion = 17.5.33627.172
MinimumVisualStudioVersion = 10.0.40219.1
Project("{FAE04EC0-301F-11D3-BF4B-00C04F79EFBC}") = "DotRat", "DotRat\DotRat.csproj", "{4F705B89-9E56-46E9-A44A-7631A65E82BE}"
EndProject
Global
	GlobalSection(SolutionConfigurationPlatforms) = preSolution
		Debug|Any CPU = Debug|Any CPU
		Release|Any CPU = Release|Any CPU
	EndGlobalSection
	GlobalSection(ProjectConfigurationPlatforms) = postSolution
		{4F705B89-9E56-46E9-A44A-7631A65E82BE}.Debug|Any CPU.ActiveCfg = Debug|Any CPU
		{4F705B89-9E56-46E9-A44A-7631A65E82BE}.Debug|Any CPU.Build.0 = Debug|Any CPU
		{4F705B89-9E56-46E9-A44A-7631A65E82BE}.Release|Any CPU.ActiveCfg = Release|Any CPU
		{4F705B89-9E56-46E9-A44A-7631A65E82BE}.Release|Any CPU.Build.0 = Release|Any CPU
	EndGlobalSection
	GlobalSection(SolutionProperties) = preSolution
		HideSolutionNode = FALSE
	EndGlobalSection
	GlobalSection(ExtensibilityGlobals) = postSolution
		SolutionGuid = {46355F22-0A69-4949-9D4D-B0064A029FCF}
	EndGlobalSection
EndGlobal
